// !$*UTF8*$!
{
	archiveVersion = 1;
	classes = {
	};
	objectVersion = 55;
	objects = {

/* Begin PBXBuildFile section */
		E96B3CC028ABD4930071CCC6 /* GeometryReaderExample.swift in Sources */ = {isa = PBXBuildFile; fileRef = E96B3CBF28ABD4930071CCC6 /* GeometryReaderExample.swift */; };
		E981E90528AA7C4300143AFD /* AdvancedTutorialApp.swift in Sources */ = {isa = PBXBuildFile; fileRef = E981E90428AA7C4300143AFD /* AdvancedTutorialApp.swift */; };
		E981E90728AA7C4300143AFD /* ContentView.swift in Sources */ = {isa = PBXBuildFile; fileRef = E981E90628AA7C4300143AFD /* ContentView.swift */; };
		E981E90928AA7C4400143AFD /* Assets.xcassets in Resources */ = {isa = PBXBuildFile; fileRef = E981E90828AA7C4400143AFD /* Assets.xcassets */; };
		E981E90C28AA7C4400143AFD /* Preview Assets.xcassets in Resources */ = {isa = PBXBuildFile; fileRef = E981E90B28AA7C4400143AFD /* Preview Assets.xcassets */; };
		E981E91328AA7D2700143AFD /* LongTapGestureExample.swift in Sources */ = {isa = PBXBuildFile; fileRef = E981E91228AA7D2700143AFD /* LongTapGestureExample.swift */; };
		E981E91528AA7E1700143AFD /* MagnificationGestureExample.swift in Sources */ = {isa = PBXBuildFile; fileRef = E981E91428AA7E1700143AFD /* MagnificationGestureExample.swift */; };
		E981E91728AA801C00143AFD /* RotationGestureExample.swift in Sources */ = {isa = PBXBuildFile; fileRef = E981E91628AA801C00143AFD /* RotationGestureExample.swift */; };
		E981E91A28AA810400143AFD /* DragGestureExample.swift in Sources */ = {isa = PBXBuildFile; fileRef = E981E91928AA810400143AFD /* DragGestureExample.swift */; };
		E981E91E28AA855B00143AFD /* CustomButton.swift in Sources */ = {isa = PBXBuildFile; fileRef = E981E91D28AA855B00143AFD /* CustomButton.swift */; };
		E981E92228AA870B00143AFD /* ScrollViewReaderExample.swift in Sources */ = {isa = PBXBuildFile; fileRef = E981E92128AA870B00143AFD /* ScrollViewReaderExample.swift */; };
/* End PBXBuildFile section */

/* Begin PBXFileReference section */
		E96B3CBF28ABD4930071CCC6 /* GeometryReaderExample.swift */ = {isa = PBXFileReference; lastKnownFileType = sourcecode.swift; path = GeometryReaderExample.swift; sourceTree = "<group>"; };
		E981E90128AA7C4300143AFD /* AdvancedTutorial.app */ = {isa = PBXFileReference; explicitFileType = wrapper.application; includeInIndex = 0; path = AdvancedTutorial.app; sourceTree = BUILT_PRODUCTS_DIR; };
		E981E90428AA7C4300143AFD /* AdvancedTutorialApp.swift */ = {isa = PBXFileReference; lastKnownFileType = sourcecode.swift; path = AdvancedTutorialApp.swift; sourceTree = "<group>"; };
		E981E90628AA7C4300143AFD /* ContentView.swift */ = {isa = PBXFileReference; lastKnownFileType = sourcecode.swift; path = ContentView.swift; sourceTree = "<group>"; };
		E981E90828AA7C4400143AFD /* Assets.xcassets */ = {isa = PBXFileReference; lastKnownFileType = folder.assetcatalog; path = Assets.xcassets; sourceTree = "<group>"; };
		E981E90B28AA7C4400143AFD /* Preview Assets.xcassets */ = {isa = PBXFileReference; lastKnownFileType = folder.assetcatalog; path = "Preview Assets.xcassets"; sourceTree = "<group>"; };
		E981E91228AA7D2700143AFD /* LongTapGestureExample.swift */ = {isa = PBXFileReference; lastKnownFileType = sourcecode.swift; path = LongTapGestureExample.swift; sourceTree = "<group>"; };
		E981E91428AA7E1700143AFD /* MagnificationGestureExample.swift */ = {isa = PBXFileReference; lastKnownFileType = sourcecode.swift; path = MagnificationGestureExample.swift; sourceTree = "<group>"; };
		E981E91628AA801C00143AFD /* RotationGestureExample.swift */ = {isa = PBXFileReference; lastKnownFileType = sourcecode.swift; path = RotationGestureExample.swift; sourceTree = "<group>"; };
		E981E91928AA810400143AFD /* DragGestureExample.swift */ = {isa = PBXFileReference; lastKnownFileType = sourcecode.swift; path = DragGestureExample.swift; sourceTree = "<group>"; };
		E981E91D28AA855B00143AFD /* CustomButton.swift */ = {isa = PBXFileReference; lastKnownFileType = sourcecode.swift; path = CustomButton.swift; sourceTree = "<group>"; };
		E981E92128AA870B00143AFD /* ScrollViewReaderExample.swift */ = {isa = PBXFileReference; lastKnownFileType = sourcecode.swift; path = ScrollViewReaderExample.swift; sourceTree = "<group>"; };
/* End PBXFileReference section */

/* Begin PBXFrameworksBuildPhase section */
		E981E8FE28AA7C4300143AFD /* Frameworks */ = {
			isa = PBXFrameworksBuildPhase;
			buildActionMask = 2147483647;
			files = (
			);
			runOnlyForDeploymentPostprocessing = 0;
		};
/* End PBXFrameworksBuildPhase section */

/* Begin PBXGroup section */
		E981E8F828AA7C4300143AFD = {
			isa = PBXGroup;
			children = (
				E981E90328AA7C4300143AFD /* AdvancedTutorial */,
				E981E90228AA7C4300143AFD /* Products */,
			);
			sourceTree = "<group>";
		};
		E981E90228AA7C4300143AFD /* Products */ = {
			isa = PBXGroup;
			children = (
				E981E90128AA7C4300143AFD /* AdvancedTutorial.app */,
			);
			name = Products;
			sourceTree = "<group>";
		};
		E981E90328AA7C4300143AFD /* AdvancedTutorial */ = {
			isa = PBXGroup;
			children = (
				E981E90428AA7C4300143AFD /* AdvancedTutorialApp.swift */,
				E981E90628AA7C4300143AFD /* ContentView.swift */,
				E981E91D28AA855B00143AFD /* CustomButton.swift */,
				E981E92128AA870B00143AFD /* ScrollViewReaderExample.swift */,
				E96B3CBF28ABD4930071CCC6 /* GeometryReaderExample.swift */,
				E981E91828AA80E800143AFD /* Gestures */,
				E981E90828AA7C4400143AFD /* Assets.xcassets */,
				E981E90A28AA7C4400143AFD /* Preview Content */,
			);
			path = AdvancedTutorial;
			sourceTree = "<group>";
		};
		E981E90A28AA7C4400143AFD /* Preview Content */ = {
			isa = PBXGroup;
			children = (
				E981E90B28AA7C4400143AFD /* Preview Assets.xcassets */,
			);
			path = "Preview Content";
			sourceTree = "<group>";
		};
		E981E91828AA80E800143AFD /* Gestures */ = {
			isa = PBXGroup;
			children = (
				E981E91628AA801C00143AFD /* RotationGestureExample.swift */,
				E981E91428AA7E1700143AFD /* MagnificationGestureExample.swift */,
				E981E91228AA7D2700143AFD /* LongTapGestureExample.swift */,
				E981E91928AA810400143AFD /* DragGestureExample.swift */,
			);
			path = Gestures;
			sourceTree = "<group>";
		};
/* End PBXGroup section */

/* Begin PBXNativeTarget section */
		E981E90028AA7C4300143AFD /* AdvancedTutorial */ = {
			isa = PBXNativeTarget;
			buildConfigurationList = E981E90F28AA7C4400143AFD /* Build configuration list for PBXNativeTarget "AdvancedTutorial" */;
			buildPhases = (
				E981E8FD28AA7C4300143AFD /* Sources */,
				E981E8FE28AA7C4300143AFD /* Frameworks */,
				E981E8FF28AA7C4300143AFD /* Resources */,
			);
			buildRules = (
			);
			dependencies = (
			);
			name = AdvancedTutorial;
			productName = AdvancedTutorial;
			productReference = E981E90128AA7C4300143AFD /* AdvancedTutorial.app */;
			productType = "com.apple.product-type.application";
		};
/* End PBXNativeTarget section */

/* Begin PBXProject section */
		E981E8F928AA7C4300143AFD /* Project object */ = {
			isa = PBXProject;
			attributes = {
				BuildIndependentTargetsInParallel = 1;
				LastSwiftUpdateCheck = 1340;
				LastUpgradeCheck = 1340;
				TargetAttributes = {
					E981E90028AA7C4300143AFD = {
						CreatedOnToolsVersion = 13.4.1;
					};
				};
			};
			buildConfigurationList = E981E8FC28AA7C4300143AFD /* Build configuration list for PBXProject "AdvancedTutorial" */;
			compatibilityVersion = "Xcode 13.0";
			developmentRegion = en;
			hasScannedForEncodings = 0;
			knownRegions = (
				en,
				Base,
			);
			mainGroup = E981E8F828AA7C4300143AFD;
			productRefGroup = E981E90228AA7C4300143AFD /* Products */;
			projectDirPath = "";
			projectRoot = "";
			targets = (
				E981E90028AA7C4300143AFD /* AdvancedTutorial */,
			);
		};
/* End PBXProject section */

/* Begin PBXResourcesBuildPhase section */
		E981E8FF28AA7C4300143AFD /* Resources */ = {
			isa = PBXResourcesBuildPhase;
			buildActionMask = 2147483647;
			files = (
				E981E90C28AA7C4400143AFD /* Preview Assets.xcassets in Resources */,
				E981E90928AA7C4400143AFD /* Assets.xcassets in Resources */,
			);
			runOnlyForDeploymentPostprocessing = 0;
		};
/* End PBXResourcesBuildPhase section */

/* Begin PBXSourcesBuildPhase section */
		E981E8FD28AA7C4300143AFD /* Sources */ = {
			isa = PBXSourcesBuildPhase;
			buildActionMask = 2147483647;
			files = (
				E981E91528AA7E1700143AFD /* MagnificationGestureExample.swift in Sources */,
				E981E92228AA870B00143AFD /* ScrollViewReaderExample.swift in Sources */,
				E981E90728AA7C4300143AFD /* ContentView.swift in Sources */,
				E981E91728AA801C00143AFD /* RotationGestureExample.swift in Sources */,
				E981E91E28AA855B00143AFD /* CustomButton.swift in Sources */,
				E96B3CC028ABD4930071CCC6 /* GeometryReaderExample.swift in Sources */,
				E981E91328AA7D2700143AFD /* LongTapGestureExample.swift in Sources */,
				E981E91A28AA810400143AFD /* DragGestureExample.swift in Sources */,
				E981E90528AA7C4300143AFD /* AdvancedTutorialApp.swift in Sources */,
			);
			runOnlyForDeploymentPostprocessing = 0;
		};
/* End PBXSourcesBuildPhase section */

/* Begin XCBuildConfiguration section */
		E981E90D28AA7C4400143AFD /* Debug */ = {
			isa = XCBuildConfiguration;
			buildSettings = {
				ALWAYS_SEARCH_USER_PATHS = NO;
				CLANG_ANALYZER_NONNULL = YES;
				CLANG_ANALYZER_NUMBER_OBJECT_CONVERSION = YES_AGGRESSIVE;
				CLANG_CXX_LANGUAGE_STANDARD = "gnu++17";
				CLANG_ENABLE_MODULES = YES;
				CLANG_ENABLE_OBJC_ARC = YES;
				CLANG_ENABLE_OBJC_WEAK = YES;
				CLANG_WARN_BLOCK_CAPTURE_AUTORELEASING = YES;
				CLANG_WARN_BOOL_CONVERSION = YES;
				CLANG_WARN_COMMA = YES;
				CLANG_WARN_CONSTANT_CONVERSION = YES;
				CLANG_WARN_DEPRECATED_OBJC_IMPLEMENTATIONS = YES;
				CLANG_WARN_DIRECT_OBJC_ISA_USAGE = YES_ERROR;
				CLANG_WARN_DOCUMENTATION_COMMENTS = YES;
				CLANG_WARN_EMPTY_BODY = YES;
				CLANG_WARN_ENUM_CONVERSION = YES;
				CLANG_WARN_INFINITE_RECURSION = YES;
				CLANG_WARN_INT_CONVERSION = YES;
				CLANG_WARN_NON_LITERAL_NULL_CONVERSION = YES;
				CLANG_WARN_OBJC_IMPLICIT_RETAIN_SELF = YES;
				CLANG_WARN_OBJC_LITERAL_CONVERSION = YES;
				CLANG_WARN_OBJC_ROOT_CLASS = YES_ERROR;
				CLANG_WARN_QUOTED_INCLUDE_IN_FRAMEWORK_HEADER = YES;
				CLANG_WARN_RANGE_LOOP_ANALYSIS = YES;
				CLANG_WARN_STRICT_PROTOTYPES = YES;
				CLANG_WARN_SUSPICIOUS_MOVE = YES;
				CLANG_WARN_UNGUARDED_AVAILABILITY = YES_AGGRESSIVE;
				CLANG_WARN_UNREACHABLE_CODE = YES;
				CLANG_WARN__DUPLICATE_METHOD_MATCH = YES;
				COPY_PHASE_STRIP = NO;
				DEBUG_INFORMATION_FORMAT = dwarf;
				ENABLE_STRICT_OBJC_MSGSEND = YES;
				ENABLE_TESTABILITY = YES;
				GCC_C_LANGUAGE_STANDARD = gnu11;
				GCC_DYNAMIC_NO_PIC = NO;
				GCC_NO_COMMON_BLOCKS = YES;
				GCC_OPTIMIZATION_LEVEL = 0;
				GCC_PREPROCESSOR_DEFINITIONS = (
					"DEBUG=1",
					"$(inherited)",
				);
				GCC_WARN_64_TO_32_BIT_CONVERSION = YES;
				GCC_WARN_ABOUT_RETURN_TYPE = YES_ERROR;
				GCC_WARN_UNDECLARED_SELECTOR = YES;
				GCC_WARN_UNINITIALIZED_AUTOS = YES_AGGRESSIVE;
				GCC_WARN_UNUSED_FUNCTION = YES;
				GCC_WARN_UNUSED_VARIABLE = YES;
				IPHONEOS_DEPLOYMENT_TARGET = 15.5;
				MTL_ENABLE_DEBUG_INFO = INCLUDE_SOURCE;
				MTL_FAST_MATH = YES;
				ONLY_ACTIVE_ARCH = YES;
				SDKROOT = iphoneos;
				SWIFT_ACTIVE_COMPILATION_CONDITIONS = DEBUG;
				SWIFT_OPTIMIZATION_LEVEL = "-Onone";
			};
			name = Debug;
		};
		E981E90E28AA7C4400143AFD /* Release */ = {
			isa = XCBuildConfiguration;
			buildSettings = {
				ALWAYS_SEARCH_USER_PATHS = NO;
				CLANG_ANALYZER_NONNULL = YES;
				CLANG_ANALYZER_NUMBER_OBJECT_CONVERSION = YES_AGGRESSIVE;
				CLANG_CXX_LANGUAGE_STANDARD = "gnu++17";
				CLANG_ENABLE_MODULES = YES;
				CLANG_ENABLE_OBJC_ARC = YES;
				CLANG_ENABLE_OBJC_WEAK = YES;
				CLANG_WARN_BLOCK_CAPTURE_AUTORELEASING = YES;
				CLANG_WARN_BOOL_CONVERSION = YES;
				CLANG_WARN_COMMA = YES;
				CLANG_WARN_CONSTANT_CONVERSION = YES;
				CLANG_WARN_DEPRECATED_OBJC_IMPLEMENTATIONS = YES;
				CLANG_WARN_DIRECT_OBJC_ISA_USAGE = YES_ERROR;
				CLANG_WARN_DOCUMENTATION_COMMENTS = YES;
				CLANG_WARN_EMPTY_BODY = YES;
				CLANG_WARN_ENUM_CONVERSION = YES;
				CLANG_WARN_INFINITE_RECURSION = YES;
				CLANG_WARN_INT_CONVERSION = YES;
				CLANG_WARN_NON_LITERAL_NULL_CONVERSION = YES;
				CLANG_WARN_OBJC_IMPLICIT_RETAIN_SELF = YES;
				CLANG_WARN_OBJC_LITERAL_CONVERSION = YES;
				CLANG_WARN_OBJC_ROOT_CLASS = YES_ERROR;
				CLANG_WARN_QUOTED_INCLUDE_IN_FRAMEWORK_HEADER = YES;
				CLANG_WARN_RANGE_LOOP_ANALYSIS = YES;
				CLANG_WARN_STRICT_PROTOTYPES = YES;
				CLANG_WARN_SUSPICIOUS_MOVE = YES;
				CLANG_WARN_UNGUARDED_AVAILABILITY = YES_AGGRESSIVE;
				CLANG_WARN_UNREACHABLE_CODE = YES;
				CLANG_WARN__DUPLICATE_METHOD_MATCH = YES;
				COPY_PHASE_STRIP = NO;
				DEBUG_INFORMATION_FORMAT = "dwarf-with-dsym";
				ENABLE_NS_ASSERTIONS = NO;
				ENABLE_STRICT_OBJC_MSGSEND = YES;
				GCC_C_LANGUAGE_STANDARD = gnu11;
				GCC_NO_COMMON_BLOCKS = YES;
				GCC_WARN_64_TO_32_BIT_CONVERSION = YES;
				GCC_WARN_ABOUT_RETURN_TYPE = YES_ERROR;
				GCC_WARN_UNDECLARED_SELECTOR = YES;
				GCC_WARN_UNINITIALIZED_AUTOS = YES_AGGRESSIVE;
				GCC_WARN_UNUSED_FUNCTION = YES;
				GCC_WARN_UNUSED_VARIABLE = YES;
				IPHONEOS_DEPLOYMENT_TARGET = 15.5;
				MTL_ENABLE_DEBUG_INFO = NO;
				MTL_FAST_MATH = YES;
				SDKROOT = iphoneos;
				SWIFT_COMPILATION_MODE = wholemodule;
				SWIFT_OPTIMIZATION_LEVEL = "-O";
				VALIDATE_PRODUCT = YES;
			};
			name = Release;
		};
		E981E91028AA7C4400143AFD /* Debug */ = {
			isa = XCBuildConfiguration;
			buildSettings = {
				ASSETCATALOG_COMPILER_APPICON_NAME = AppIcon;
				ASSETCATALOG_COMPILER_GLOBAL_ACCENT_COLOR_NAME = AccentColor;
				CODE_SIGN_STYLE = Automatic;
				CURRENT_PROJECT_VERSION = 1;
				DEVELOPMENT_ASSET_PATHS = "\"AdvancedTutorial/Preview Content\"";
				ENABLE_PREVIEWS = YES;
				GENERATE_INFOPLIST_FILE = YES;
				INFOPLIST_KEY_UIApplicationSceneManifest_Generation = YES;
				INFOPLIST_KEY_UIApplicationSupportsIndirectInputEvents = YES;
				INFOPLIST_KEY_UILaunchScreen_Generation = YES;
				INFOPLIST_KEY_UISupportedInterfaceOrientations_iPad = "UIInterfaceOrientationPortrait UIInterfaceOrientationPortraitUpsideDown UIInterfaceOrientationLandscapeLeft UIInterfaceOrientationLandscapeRight";
				INFOPLIST_KEY_UISupportedInterfaceOrientations_iPhone = "UIInterfaceOrientationPortrait UIInterfaceOrientationLandscapeLeft UIInterfaceOrientationLandscapeRight";
				LD_RUNPATH_SEARCH_PATHS = (
					"$(inherited)",
					"@executable_path/Frameworks",
				);
				MARKETING_VERSION = 1.0;
				PRODUCT_BUNDLE_IDENTIFIER = newOrganisation.AdvancedTutorial;
				PRODUCT_NAME = "$(TARGET_NAME)";
				SWIFT_EMIT_LOC_STRINGS = YES;
				SWIFT_VERSION = 5.0;
				TARGETED_DEVICE_FAMILY = "1,2";
			};
			name = Debug;
		};
		E981E91128AA7C4400143AFD /* Release */ = {
			isa = XCBuildConfiguration;
			buildSettings = {
				ASSETCATALOG_COMPILER_APPICON_NAME = AppIcon;
				ASSETCATALOG_COMPILER_GLOBAL_ACCENT_COLOR_NAME = AccentColor;
				CODE_SIGN_STYLE = Automatic;
				CURRENT_PROJECT_VERSION = 1;
				DEVELOPMENT_ASSET_PATHS = "\"AdvancedTutorial/Preview Content\"";
				ENABLE_PREVIEWS = YES;
				GENERATE_INFOPLIST_FILE = YES;
				INFOPLIST_KEY_UIApplicationSceneManifest_Generation = YES;
				INFOPLIST_KEY_UIApplicationSupportsIndirectInputEvents = YES;
				INFOPLIST_KEY_UILaunchScreen_Generation = YES;
				INFOPLIST_KEY_UISupportedInterfaceOrientations_iPad = "UIInterfaceOrientationPortrait UIInterfaceOrientationPortraitUpsideDown UIInterfaceOrientationLandscapeLeft UIInterfaceOrientationLandscapeRight";
				INFOPLIST_KEY_UISupportedInterfaceOrientations_iPhone = "UIInterfaceOrientationPortrait UIInterfaceOrientationLandscapeLeft UIInterfaceOrientationLandscapeRight";
				LD_RUNPATH_SEARCH_PATHS = (
					"$(inherited)",
					"@executable_path/Frameworks",
				);
				MARKETING_VERSION = 1.0;
				PRODUCT_BUNDLE_IDENTIFIER = newOrganisation.AdvancedTutorial;
				PRODUCT_NAME = "$(TARGET_NAME)";
				SWIFT_EMIT_LOC_STRINGS = YES;
				SWIFT_VERSION = 5.0;
				TARGETED_DEVICE_FAMILY = "1,2";
			};
			name = Release;
		};
/* End XCBuildConfiguration section */

/* Begin XCConfigurationList section */
		E981E8FC28AA7C4300143AFD /* Build configuration list for PBXProject "AdvancedTutorial" */ = {
			isa = XCConfigurationList;
			buildConfigurations = (
				E981E90D28AA7C4400143AFD /* Debug */,
				E981E90E28AA7C4400143AFD /* Release */,
			);
			defaultConfigurationIsVisible = 0;
			defaultConfigurationName = Release;
		};
		E981E90F28AA7C4400143AFD /* Build configuration list for PBXNativeTarget "AdvancedTutorial" */ = {
			isa = XCConfigurationList;
			buildConfigurations = (
				E981E91028AA7C4400143AFD /* Debug */,
				E981E91128AA7C4400143AFD /* Release */,
			);
			defaultConfigurationIsVisible = 0;
			defaultConfigurationName = Release;
		};
/* End XCConfigurationList section */
	};
	rootObject = E981E8F928AA7C4300143AFD /* Project object */;
}
